{
  "name": "Hexaware_CODE&RISE",
  "lockfileVersion": 3,
  "requires": true,
  "packages": {
    "": {
      "dependencies": {
        "date-fns": "^4.0.0-beta.1"
      }
    },
    "node_modules/date-fns": {
      "version": "4.0.0-beta.1",
      "resolved": "https://registry.npmjs.org/date-fns/-/date-fns-4.0.0-beta.1.tgz",
      "integrity": "sha512-EjMXEgaR2r/Ff8aLwg8OtPnMq3caEANXuYVDz3F7UnL0f/sjeQW+mwQAS2iwziipMSi7kqc9tdfBmGAefhrY+A==",
      "license": "MIT",
      "funding": {
        "type": "github",
        "url": "https://github.com/sponsors/kossnocorp"
      }
    }
  }
}
